
Microsoft Visual Studio Solution File, Format Version 12.00
# Visual Studio 15
VisualStudioVersion = 15.0.26730.12
MinimumVisualStudioVersion = 10.0.40219.1
Project("{FAE04EC0-301F-11D3-BF4B-00C04F79EFBC}") = "XFormsSkeleton.Droid", "XFormsSkeleton\XFormsSkeleton.Droid\XFormsSkeleton.Droid.csproj", "{B4E986AC-BBE6-4EEA-9240-1AA6DC8E85E6}"
EndProject
Project("{FAE04EC0-301F-11D3-BF4B-00C04F79EFBC}") = "XFormsSkeleton.iOS", "XFormsSkeleton\XFormsSkeleton.iOS\XFormsSkeleton.iOS.csproj", "{949B5120-16AE-4B8D-B763-61EFBBD23B31}"
EndProject
Project("{FAE04EC0-301F-11D3-BF4B-00C04F79EFBC}") = "XFormsSkeleton", "XFormsSkeleton\XFormsSkeleton\XFormsSkeleton.csproj", "{9A5BC5BD-642A-49A2-A71D-46CC09B5851C}"
EndProject
Project("{FAE04EC0-301F-11D3-BF4B-00C04F79EFBC}") = "SkeletonMvvm", "SkeletonMvvm\SkeletonMvvm.csproj", "{9D4AB453-A88A-4A30-93A4-2F94554DD57C}"
EndProject
Global
	GlobalSection(SolutionConfigurationPlatforms) = preSolution
		Ad-Hoc|Any CPU = Ad-Hoc|Any CPU
		Ad-Hoc|iPhone = Ad-Hoc|iPhone
		Ad-Hoc|iPhoneSimulator = Ad-Hoc|iPhoneSimulator
		AppStore|Any CPU = AppStore|Any CPU
		AppStore|iPhone = AppStore|iPhone
		AppStore|iPhoneSimulator = AppStore|iPhoneSimulator
		Debug|Any CPU = Debug|Any CPU
		Debug|iPhone = Debug|iPhone
		Debug|iPhoneSimulator = Debug|iPhoneSimulator
		Release|Any CPU = Release|Any CPU
		Release|iPhone = Release|iPhone
		Release|iPhoneSimulator = Release|iPhoneSimulator
	EndGlobalSection
	GlobalSection(ProjectConfigurationPlatforms) = postSolution
		{B4E986AC-BBE6-4EEA-9240-1AA6DC8E85E6}.Ad-Hoc|Any CPU.ActiveCfg = Release|Any CPU
		{B4E986AC-BBE6-4EEA-9240-1AA6DC8E85E6}.Ad-Hoc|Any CPU.Build.0 = Release|Any CPU
		{B4E986AC-BBE6-4EEA-9240-1AA6DC8E85E6}.Ad-Hoc|Any CPU.Deploy.0 = Release|Any CPU
		{B4E986AC-BBE6-4EEA-9240-1AA6DC8E85E6}.Ad-Hoc|iPhone.ActiveCfg = Release|Any CPU
		{B4E986AC-BBE6-4EEA-9240-1AA6DC8E85E6}.Ad-Hoc|iPhone.Build.0 = Release|Any CPU
		{B4E986AC-BBE6-4EEA-9240-1AA6DC8E85E6}.Ad-Hoc|iPhone.Deploy.0 = Release|Any CPU
		{B4E986AC-BBE6-4EEA-9240-1AA6DC8E85E6}.Ad-Hoc|iPhoneSimulator.ActiveCfg = Release|Any CPU
		{B4E986AC-BBE6-4EEA-9240-1AA6DC8E85E6}.Ad-Hoc|iPhoneSimulator.Build.0 = Release|Any CPU
		{B4E986AC-BBE6-4EEA-9240-1AA6DC8E85E6}.Ad-Hoc|iPhoneSimulator.Deploy.0 = Release|Any CPU
		{B4E986AC-BBE6-4EEA-9240-1AA6DC8E85E6}.AppStore|Any CPU.ActiveCfg = Release|Any CPU
		{B4E986AC-BBE6-4EEA-9240-1AA6DC8E85E6}.AppStore|Any CPU.Build.0 = Release|Any CPU
		{B4E986AC-BBE6-4EEA-9240-1AA6DC8E85E6}.AppStore|Any CPU.Deploy.0 = Release|Any CPU
		{B4E986AC-BBE6-4EEA-9240-1AA6DC8E85E6}.AppStore|iPhone.ActiveCfg = Release|Any CPU
		{B4E986AC-BBE6-4EEA-9240-1AA6DC8E85E6}.AppStore|iPhone.Build.0 = Release|Any CPU
		{B4E986AC-BBE6-4EEA-9240-1AA6DC8E85E6}.AppStore|iPhone.Deploy.0 = Release|Any CPU
		{B4E986AC-BBE6-4EEA-9240-1AA6DC8E85E6}.AppStore|iPhoneSimulator.ActiveCfg = Release|Any CPU
		{B4E986AC-BBE6-4EEA-9240-1AA6DC8E85E6}.AppStore|iPhoneSimulator.Build.0 = Release|Any CPU
		{B4E986AC-BBE6-4EEA-9240-1AA6DC8E85E6}.AppStore|iPhoneSimulator.Deploy.0 = Release|Any CPU
		{B4E986AC-BBE6-4EEA-9240-1AA6DC8E85E6}.Debug|Any CPU.ActiveCfg = Debug|Any CPU
		{B4E986AC-BBE6-4EEA-9240-1AA6DC8E85E6}.Debug|Any CPU.Build.0 = Debug|Any CPU
		{B4E986AC-BBE6-4EEA-9240-1AA6DC8E85E6}.Debug|Any CPU.Deploy.0 = Debug|Any CPU
		{B4E986AC-BBE6-4EEA-9240-1AA6DC8E85E6}.Debug|iPhone.ActiveCfg = Debug|Any CPU
		{B4E986AC-BBE6-4EEA-9240-1AA6DC8E85E6}.Debug|iPhone.Build.0 = Debug|Any CPU
		{B4E986AC-BBE6-4EEA-9240-1AA6DC8E85E6}.Debug|iPhone.Deploy.0 = Debug|Any CPU
		{B4E986AC-BBE6-4EEA-9240-1AA6DC8E85E6}.Debug|iPhoneSimulator.ActiveCfg = Debug|Any CPU
		{B4E986AC-BBE6-4EEA-9240-1AA6DC8E85E6}.Debug|iPhoneSimulator.Build.0 = Debug|Any CPU
		{B4E986AC-BBE6-4EEA-9240-1AA6DC8E85E6}.Debug|iPhoneSimulator.Deploy.0 = Debug|Any CPU
		{B4E986AC-BBE6-4EEA-9240-1AA6DC8E85E6}.Release|Any CPU.ActiveCfg = Release|Any CPU
		{B4E986AC-BBE6-4EEA-9240-1AA6DC8E85E6}.Release|Any CPU.Build.0 = Release|Any CPU
		{B4E986AC-BBE6-4EEA-9240-1AA6DC8E85E6}.Release|Any CPU.Deploy.0 = Release|Any CPU
		{B4E986AC-BBE6-4EEA-9240-1AA6DC8E85E6}.Release|iPhone.ActiveCfg = Release|Any CPU
		{B4E986AC-BBE6-4EEA-9240-1AA6DC8E85E6}.Release|iPhone.Build.0 = Release|Any CPU
		{B4E986AC-BBE6-4EEA-9240-1AA6DC8E85E6}.Release|iPhone.Deploy.0 = Release|Any CPU
		{B4E986AC-BBE6-4EEA-9240-1AA6DC8E85E6}.Release|iPhoneSimulator.ActiveCfg = Release|Any CPU
		{B4E986AC-BBE6-4EEA-9240-1AA6DC8E85E6}.Release|iPhoneSimulator.Build.0 = Release|Any CPU
		{B4E986AC-BBE6-4EEA-9240-1AA6DC8E85E6}.Release|iPhoneSimulator.Deploy.0 = Release|Any CPU
		{949B5120-16AE-4B8D-B763-61EFBBD23B31}.Ad-Hoc|Any CPU.ActiveCfg = Ad-Hoc|iPhone
		{949B5120-16AE-4B8D-B763-61EFBBD23B31}.Ad-Hoc|iPhone.ActiveCfg = Ad-Hoc|iPhone
		{949B5120-16AE-4B8D-B763-61EFBBD23B31}.Ad-Hoc|iPhone.Build.0 = Ad-Hoc|iPhone
		{949B5120-16AE-4B8D-B763-61EFBBD23B31}.Ad-Hoc|iPhoneSimulator.ActiveCfg = Ad-Hoc|iPhoneSimulator
		{949B5120-16AE-4B8D-B763-61EFBBD23B31}.Ad-Hoc|iPhoneSimulator.Build.0 = Ad-Hoc|iPhoneSimulator
		{949B5120-16AE-4B8D-B763-61EFBBD23B31}.AppStore|Any CPU.ActiveCfg = AppStore|iPhone
		{949B5120-16AE-4B8D-B763-61EFBBD23B31}.AppStore|iPhone.ActiveCfg = AppStore|iPhone
		{949B5120-16AE-4B8D-B763-61EFBBD23B31}.AppStore|iPhone.Build.0 = AppStore|iPhone
		{949B5120-16AE-4B8D-B763-61EFBBD23B31}.AppStore|iPhoneSimulator.ActiveCfg = AppStore|iPhoneSimulator
		{949B5120-16AE-4B8D-B763-61EFBBD23B31}.AppStore|iPhoneSimulator.Build.0 = AppStore|iPhoneSimulator
		{949B5120-16AE-4B8D-B763-61EFBBD23B31}.Debug|Any CPU.ActiveCfg = Debug|iPhone
		{949B5120-16AE-4B8D-B763-61EFBBD23B31}.Debug|iPhone.ActiveCfg = Debug|iPhone
		{949B5120-16AE-4B8D-B763-61EFBBD23B31}.Debug|iPhone.Build.0 = Debug|iPhone
		{949B5120-16AE-4B8D-B763-61EFBBD23B31}.Debug|iPhoneSimulator.ActiveCfg = Debug|iPhoneSimulator
		{949B5120-16AE-4B8D-B763-61EFBBD23B31}.Debug|iPhoneSimulator.Build.0 = Debug|iPhoneSimulator
		{949B5120-16AE-4B8D-B763-61EFBBD23B31}.Release|Any CPU.ActiveCfg = Release|iPhone
		{949B5120-16AE-4B8D-B763-61EFBBD23B31}.Release|iPhone.ActiveCfg = Release|iPhone
		{949B5120-16AE-4B8D-B763-61EFBBD23B31}.Release|iPhone.Build.0 = Release|iPhone
		{949B5120-16AE-4B8D-B763-61EFBBD23B31}.Release|iPhoneSimulator.ActiveCfg = Release|iPhoneSimulator
		{949B5120-16AE-4B8D-B763-61EFBBD23B31}.Release|iPhoneSimulator.Build.0 = Release|iPhoneSimulator
		{9A5BC5BD-642A-49A2-A71D-46CC09B5851C}.Ad-Hoc|Any CPU.ActiveCfg = Release|Any CPU
		{9A5BC5BD-642A-49A2-A71D-46CC09B5851C}.Ad-Hoc|Any CPU.Build.0 = Release|Any CPU
		{9A5BC5BD-642A-49A2-A71D-46CC09B5851C}.Ad-Hoc|iPhone.ActiveCfg = Release|Any CPU
		{9A5BC5BD-642A-49A2-A71D-46CC09B5851C}.Ad-Hoc|iPhone.Build.0 = Release|Any CPU
		{9A5BC5BD-642A-49A2-A71D-46CC09B5851C}.Ad-Hoc|iPhoneSimulator.ActiveCfg = Release|Any CPU
		{9A5BC5BD-642A-49A2-A71D-46CC09B5851C}.Ad-Hoc|iPhoneSimulator.Build.0 = Release|Any CPU
		{9A5BC5BD-642A-49A2-A71D-46CC09B5851C}.AppStore|Any CPU.ActiveCfg = Release|Any CPU
		{9A5BC5BD-642A-49A2-A71D-46CC09B5851C}.AppStore|Any CPU.Build.0 = Release|Any CPU
		{9A5BC5BD-642A-49A2-A71D-46CC09B5851C}.AppStore|iPhone.ActiveCfg = Release|Any CPU
		{9A5BC5BD-642A-49A2-A71D-46CC09B5851C}.AppStore|iPhone.Build.0 = Release|Any CPU
		{9A5BC5BD-642A-49A2-A71D-46CC09B5851C}.AppStore|iPhoneSimulator.ActiveCfg = Release|Any CPU
		{9A5BC5BD-642A-49A2-A71D-46CC09B5851C}.AppStore|iPhoneSimulator.Build.0 = Release|Any CPU
		{9A5BC5BD-642A-49A2-A71D-46CC09B5851C}.Debug|Any CPU.ActiveCfg = Debug|Any CPU
		{9A5BC5BD-642A-49A2-A71D-46CC09B5851C}.Debug|Any CPU.Build.0 = Debug|Any CPU
		{9A5BC5BD-642A-49A2-A71D-46CC09B5851C}.Debug|iPhone.ActiveCfg = Debug|Any CPU
		{9A5BC5BD-642A-49A2-A71D-46CC09B5851C}.Debug|iPhone.Build.0 = Debug|Any CPU
		{9A5BC5BD-642A-49A2-A71D-46CC09B5851C}.Debug|iPhoneSimulator.ActiveCfg = Debug|Any CPU
		{9A5BC5BD-642A-49A2-A71D-46CC09B5851C}.Debug|iPhoneSimulator.Build.0 = Debug|Any CPU
		{9A5BC5BD-642A-49A2-A71D-46CC09B5851C}.Release|Any CPU.ActiveCfg = Release|Any CPU
		{9A5BC5BD-642A-49A2-A71D-46CC09B5851C}.Release|Any CPU.Build.0 = Release|Any CPU
		{9A5BC5BD-642A-49A2-A71D-46CC09B5851C}.Release|iPhone.ActiveCfg = Release|Any CPU
		{9A5BC5BD-642A-49A2-A71D-46CC09B5851C}.Release|iPhone.Build.0 = Release|Any CPU
		{9A5BC5BD-642A-49A2-A71D-46CC09B5851C}.Release|iPhoneSimulator.ActiveCfg = Release|Any CPU
		{9A5BC5BD-642A-49A2-A71D-46CC09B5851C}.Release|iPhoneSimulator.Build.0 = Release|Any CPU
		{9D4AB453-A88A-4A30-93A4-2F94554DD57C}.Ad-Hoc|Any CPU.ActiveCfg = Release|Any CPU
		{9D4AB453-A88A-4A30-93A4-2F94554DD57C}.Ad-Hoc|Any CPU.Build.0 = Release|Any CPU
		{9D4AB453-A88A-4A30-93A4-2F94554DD57C}.Ad-Hoc|iPhone.ActiveCfg = Release|Any CPU
		{9D4AB453-A88A-4A30-93A4-2F94554DD57C}.Ad-Hoc|iPhone.Build.0 = Release|Any CPU
		{9D4AB453-A88A-4A30-93A4-2F94554DD57C}.Ad-Hoc|iPhoneSimulator.ActiveCfg = Release|Any CPU
		{9D4AB453-A88A-4A30-93A4-2F94554DD57C}.Ad-Hoc|iPhoneSimulator.Build.0 = Release|Any CPU
		{9D4AB453-A88A-4A30-93A4-2F94554DD57C}.AppStore|Any CPU.ActiveCfg = Release|Any CPU
		{9D4AB453-A88A-4A30-93A4-2F94554DD57C}.AppStore|Any CPU.Build.0 = Release|Any CPU
		{9D4AB453-A88A-4A30-93A4-2F94554DD57C}.AppStore|iPhone.ActiveCfg = Release|Any CPU
		{9D4AB453-A88A-4A30-93A4-2F94554DD57C}.AppStore|iPhone.Build.0 = Release|Any CPU
		{9D4AB453-A88A-4A30-93A4-2F94554DD57C}.AppStore|iPhoneSimulator.ActiveCfg = Release|Any CPU
		{9D4AB453-A88A-4A30-93A4-2F94554DD57C}.AppStore|iPhoneSimulator.Build.0 = Release|Any CPU
		{9D4AB453-A88A-4A30-93A4-2F94554DD57C}.Debug|Any CPU.ActiveCfg = Debug|Any CPU
		{9D4AB453-A88A-4A30-93A4-2F94554DD57C}.Debug|Any CPU.Build.0 = Debug|Any CPU
		{9D4AB453-A88A-4A30-93A4-2F94554DD57C}.Debug|iPhone.ActiveCfg = Debug|Any CPU
		{9D4AB453-A88A-4A30-93A4-2F94554DD57C}.Debug|iPhone.Build.0 = Debug|Any CPU
		{9D4AB453-A88A-4A30-93A4-2F94554DD57C}.Debug|iPhoneSimulator.ActiveCfg = Debug|Any CPU
		{9D4AB453-A88A-4A30-93A4-2F94554DD57C}.Debug|iPhoneSimulator.Build.0 = Debug|Any CPU
		{9D4AB453-A88A-4A30-93A4-2F94554DD57C}.Release|Any CPU.ActiveCfg = Release|Any CPU
		{9D4AB453-A88A-4A30-93A4-2F94554DD57C}.Release|Any CPU.Build.0 = Release|Any CPU
		{9D4AB453-A88A-4A30-93A4-2F94554DD57C}.Release|iPhone.ActiveCfg = Release|Any CPU
		{9D4AB453-A88A-4A30-93A4-2F94554DD57C}.Release|iPhone.Build.0 = Release|Any CPU
		{9D4AB453-A88A-4A30-93A4-2F94554DD57C}.Release|iPhoneSimulator.ActiveCfg = Release|Any CPU
		{9D4AB453-A88A-4A30-93A4-2F94554DD57C}.Release|iPhoneSimulator.Build.0 = Release|Any CPU
	EndGlobalSection
	GlobalSection(SolutionProperties) = preSolution
		HideSolutionNode = FALSE
	EndGlobalSection
	GlobalSection(ExtensibilityGlobals) = postSolution
		SolutionGuid = {9AD67D8C-86DA-45EC-914E-01BDA0D4777C}
	EndGlobalSection
EndGlobal
